// !$*UTF8*$!
{
	archiveVersion = 1;
	classes = {
	};
	objectVersion = 46;
	objects = {

/* Begin PBXBuildFile section */
		B6E802191D7126E1003084CF /* main.m in Sources */ = {isa = PBXBuildFile; fileRef = B6E802181D7126E1003084CF /* main.m */; };
		B6E8021C1D7126E1003084CF /* AppDelegate.m in Sources */ = {isa = PBXBuildFile; fileRef = B6E8021B1D7126E1003084CF /* AppDelegate.m */; };
		B6E8021F1D7126E1003084CF /* ViewController.m in Sources */ = {isa = PBXBuildFile; fileRef = B6E8021E1D7126E1003084CF /* ViewController.m */; };
		B6E802221D7126E1003084CF /* Main.storyboard in Resources */ = {isa = PBXBuildFile; fileRef = B6E802201D7126E1003084CF /* Main.storyboard */; };
		B6E802241D7126E1003084CF /* Assets.xcassets in Resources */ = {isa = PBXBuildFile; fileRef = B6E802231D7126E1003084CF /* Assets.xcassets */; };
		B6E802271D7126E1003084CF /* LaunchScreen.storyboard in Resources */ = {isa = PBXBuildFile; fileRef = B6E802251D7126E1003084CF /* LaunchScreen.storyboard */; };
		B6E802321D7126E1003084CF /* YHPullDownMenuDemoTests.m in Sources */ = {isa = PBXBuildFile; fileRef = B6E802311D7126E1003084CF /* YHPullDownMenuDemoTests.m */; };
		B6E8023D1D7126E1003084CF /* YHPullDownMenuDemoUITests.m in Sources */ = {isa = PBXBuildFile; fileRef = B6E8023C1D7126E1003084CF /* YHPullDownMenuDemoUITests.m */; };
		B6E8024D1D712754003084CF /* YHPullDownMenu.m in Sources */ = {isa = PBXBuildFile; fileRef = B6E8024C1D712754003084CF /* YHPullDownMenu.m */; };
/* End PBXBuildFile section */

/* Begin PBXContainerItemProxy section */
		B6E8022E1D7126E1003084CF /* PBXContainerItemProxy */ = {
			isa = PBXContainerItemProxy;
			containerPortal = B6E8020C1D7126E1003084CF /* Project object */;
			proxyType = 1;
			remoteGlobalIDString = B6E802131D7126E1003084CF;
			remoteInfo = YHPullDownMenuDemo;
		};
		B6E802391D7126E1003084CF /* PBXContainerItemProxy */ = {
			isa = PBXContainerItemProxy;
			containerPortal = B6E8020C1D7126E1003084CF /* Project object */;
			proxyType = 1;
			remoteGlobalIDString = B6E802131D7126E1003084CF;
			remoteInfo = YHPullDownMenuDemo;
		};
/* End PBXContainerItemProxy section */

/* Begin PBXFileReference section */
		B6E802141D7126E1003084CF /* YHPullDownMenuDemo.app */ = {isa = PBXFileReference; explicitFileType = wrapper.application; includeInIndex = 0; path = YHPullDownMenuDemo.app; sourceTree = BUILT_PRODUCTS_DIR; };
		B6E802181D7126E1003084CF /* main.m */ = {isa = PBXFileReference; lastKnownFileType = sourcecode.c.objc; path = main.m; sourceTree = "<group>"; };
		B6E8021A1D7126E1003084CF /* AppDelegate.h */ = {isa = PBXFileReference; lastKnownFileType = sourcecode.c.h; path = AppDelegate.h; sourceTree = "<group>"; };
		B6E8021B1D7126E1003084CF /* AppDelegate.m */ = {isa = PBXFileReference; lastKnownFileType = sourcecode.c.objc; path = AppDelegate.m; sourceTree = "<group>"; };
		B6E8021D1D7126E1003084CF /* ViewController.h */ = {isa = PBXFileReference; lastKnownFileType = sourcecode.c.h; path = ViewController.h; sourceTree = "<group>"; };
		B6E8021E1D7126E1003084CF /* ViewController.m */ = {isa = PBXFileReference; lastKnownFileType = sourcecode.c.objc; path = ViewController.m; sourceTree = "<group>"; };
		B6E802211D7126E1003084CF /* Base */ = {isa = PBXFileReference; lastKnownFileType = file.storyboard; name = Base; path = Base.lproj/Main.storyboard; sourceTree = "<group>"; };
		B6E802231D7126E1003084CF /* Assets.xcassets */ = {isa = PBXFileReference; lastKnownFileType = folder.assetcatalog; path = Assets.xcassets; sourceTree = "<group>"; };
		B6E802261D7126E1003084CF /* Base */ = {isa = PBXFileReference; lastKnownFileType = file.storyboard; name = Base; path = Base.lproj/LaunchScreen.storyboard; sourceTree = "<group>"; };
		B6E802281D7126E1003084CF /* Info.plist */ = {isa = PBXFileReference; lastKnownFileType = text.plist.xml; path = Info.plist; sourceTree = "<group>"; };
		B6E8022D1D7126E1003084CF /* YHPullDownMenuDemoTests.xctest */ = {isa = PBXFileReference; explicitFileType = wrapper.cfbundle; includeInIndex = 0; path = YHPullDownMenuDemoTests.xctest; sourceTree = BUILT_PRODUCTS_DIR; };
		B6E802311D7126E1003084CF /* YHPullDownMenuDemoTests.m */ = {isa = PBXFileReference; lastKnownFileType = sourcecode.c.objc; path = YHPullDownMenuDemoTests.m; sourceTree = "<group>"; };
		B6E802331D7126E1003084CF /* Info.plist */ = {isa = PBXFileReference; lastKnownFileType = text.plist.xml; path = Info.plist; sourceTree = "<group>"; };
		B6E802381D7126E1003084CF /* YHPullDownMenuDemoUITests.xctest */ = {isa = PBXFileReference; explicitFileType = wrapper.cfbundle; includeInIndex = 0; path = YHPullDownMenuDemoUITests.xctest; sourceTree = BUILT_PRODUCTS_DIR; };
		B6E8023C1D7126E1003084CF /* YHPullDownMenuDemoUITests.m */ = {isa = PBXFileReference; lastKnownFileType = sourcecode.c.objc; path = YHPullDownMenuDemoUITests.m; sourceTree = "<group>"; };
		B6E8023E1D7126E1003084CF /* Info.plist */ = {isa = PBXFileReference; lastKnownFileType = text.plist.xml; path = Info.plist; sourceTree = "<group>"; };
		B6E8024B1D712754003084CF /* YHPullDownMenu.h */ = {isa = PBXFileReference; fileEncoding = 4; lastKnownFileType = sourcecode.c.h; name = YHPullDownMenu.h; path = YHPullDownMenu/YHPullDownMenu.h; sourceTree = "<group>"; };
		B6E8024C1D712754003084CF /* YHPullDownMenu.m */ = {isa = PBXFileReference; fileEncoding = 4; lastKnownFileType = sourcecode.c.objc; name = YHPullDownMenu.m; path = YHPullDownMenu/YHPullDownMenu.m; sourceTree = "<group>"; };
/* End PBXFileReference section */

/* Begin PBXFrameworksBuildPhase section */
		B6E802111D7126E1003084CF /* Frameworks */ = {
			isa = PBXFrameworksBuildPhase;
			buildActionMask = 2147483647;
			files = (
			);
			runOnlyForDeploymentPostprocessing = 0;
		};
		B6E8022A1D7126E1003084CF /* Frameworks */ = {
			isa = PBXFrameworksBuildPhase;
			buildActionMask = 2147483647;
			files = (
			);
			runOnlyForDeploymentPostprocessing = 0;
		};
		B6E802351D7126E1003084CF /* Frameworks */ = {
			isa = PBXFrameworksBuildPhase;
			buildActionMask = 2147483647;
			files = (
			);
			runOnlyForDeploymentPostprocessing = 0;
		};
/* End PBXFrameworksBuildPhase section */

/* Begin PBXGroup section */
		B6E8020B1D7126E1003084CF = {
			isa = PBXGroup;
			children = (
				B6E802161D7126E1003084CF /* YHPullDownMenuDemo */,
				B6E802301D7126E1003084CF /* YHPullDownMenuDemoTests */,
				B6E8023B1D7126E1003084CF /* YHPullDownMenuDemoUITests */,
				B6E802151D7126E1003084CF /* Products */,
			);
			sourceTree = "<group>";
		};
		B6E802151D7126E1003084CF /* Products */ = {
			isa = PBXGroup;
			children = (
				B6E802141D7126E1003084CF /* YHPullDownMenuDemo.app */,
				B6E8022D1D7126E1003084CF /* YHPullDownMenuDemoTests.xctest */,
				B6E802381D7126E1003084CF /* YHPullDownMenuDemoUITests.xctest */,
			);
			name = Products;
			sourceTree = "<group>";
		};
		B6E802161D7126E1003084CF /* YHPullDownMenuDemo */ = {
			isa = PBXGroup;
			children = (
				B6E8024A1D7126F4003084CF /* YHPullDownMenu */,
				B6E8021A1D7126E1003084CF /* AppDelegate.h */,
				B6E8021B1D7126E1003084CF /* AppDelegate.m */,
				B6E8021D1D7126E1003084CF /* ViewController.h */,
				B6E8021E1D7126E1003084CF /* ViewController.m */,
				B6E802201D7126E1003084CF /* Main.storyboard */,
				B6E802231D7126E1003084CF /* Assets.xcassets */,
				B6E802251D7126E1003084CF /* LaunchScreen.storyboard */,
				B6E802281D7126E1003084CF /* Info.plist */,
				B6E802171D7126E1003084CF /* Supporting Files */,
			);
			path = YHPullDownMenuDemo;
			sourceTree = "<group>";
		};
		B6E802171D7126E1003084CF /* Supporting Files */ = {
			isa = PBXGroup;
			children = (
				B6E802181D7126E1003084CF /* main.m */,
			);
			name = "Supporting Files";
			sourceTree = "<group>";
		};
		B6E802301D7126E1003084CF /* YHPullDownMenuDemoTests */ = {
			isa = PBXGroup;
			children = (
				B6E802311D7126E1003084CF /* YHPullDownMenuDemoTests.m */,
				B6E802331D7126E1003084CF /* Info.plist */,
			);
			path = YHPullDownMenuDemoTests;
			sourceTree = "<group>";
		};
		B6E8023B1D7126E1003084CF /* YHPullDownMenuDemoUITests */ = {
			isa = PBXGroup;
			children = (
				B6E8023C1D7126E1003084CF /* YHPullDownMenuDemoUITests.m */,
				B6E8023E1D7126E1003084CF /* Info.plist */,
			);
			path = YHPullDownMenuDemoUITests;
			sourceTree = "<group>";
		};
		B6E8024A1D7126F4003084CF /* YHPullDownMenu */ = {
			isa = PBXGroup;
			children = (
				B6E8024B1D712754003084CF /* YHPullDownMenu.h */,
				B6E8024C1D712754003084CF /* YHPullDownMenu.m */,
			);
			name = YHPullDownMenu;
			sourceTree = "<group>";
		};
/* End PBXGroup section */

/* Begin PBXNativeTarget section */
		B6E802131D7126E1003084CF /* YHPullDownMenuDemo */ = {
			isa = PBXNativeTarget;
			buildConfigurationList = B6E802411D7126E1003084CF /* Build configuration list for PBXNativeTarget "YHPullDownMenuDemo" */;
			buildPhases = (
				B6E802101D7126E1003084CF /* Sources */,
				B6E802111D7126E1003084CF /* Frameworks */,
				B6E802121D7126E1003084CF /* Resources */,
			);
			buildRules = (
			);
			dependencies = (
			);
			name = YHPullDownMenuDemo;
			productName = YHPullDownMenuDemo;
			productReference = B6E802141D7126E1003084CF /* YHPullDownMenuDemo.app */;
			productType = "com.apple.product-type.application";
		};
		B6E8022C1D7126E1003084CF /* YHPullDownMenuDemoTests */ = {
			isa = PBXNativeTarget;
			buildConfigurationList = B6E802441D7126E1003084CF /* Build configuration list for PBXNativeTarget "YHPullDownMenuDemoTests" */;
			buildPhases = (
				B6E802291D7126E1003084CF /* Sources */,
				B6E8022A1D7126E1003084CF /* Frameworks */,
				B6E8022B1D7126E1003084CF /* Resources */,
			);
			buildRules = (
			);
			dependencies = (
				B6E8022F1D7126E1003084CF /* PBXTargetDependency */,
			);
			name = YHPullDownMenuDemoTests;
			productName = YHPullDownMenuDemoTests;
			productReference = B6E8022D1D7126E1003084CF /* YHPullDownMenuDemoTests.xctest */;
			productType = "com.apple.product-type.bundle.unit-test";
		};
		B6E802371D7126E1003084CF /* YHPullDownMenuDemoUITests */ = {
			isa = PBXNativeTarget;
			buildConfigurationList = B6E802471D7126E1003084CF /* Build configuration list for PBXNativeTarget "YHPullDownMenuDemoUITests" */;
			buildPhases = (
				B6E802341D7126E1003084CF /* Sources */,
				B6E802351D7126E1003084CF /* Frameworks */,
				B6E802361D7126E1003084CF /* Resources */,
			);
			buildRules = (
			);
			dependencies = (
				B6E8023A1D7126E1003084CF /* PBXTargetDependency */,
			);
			name = YHPullDownMenuDemoUITests;
			productName = YHPullDownMenuDemoUITests;
			productReference = B6E802381D7126E1003084CF /* YHPullDownMenuDemoUITests.xctest */;
			productType = "com.apple.product-type.bundle.ui-testing";
		};
/* End PBXNativeTarget section */

/* Begin PBXProject section */
		B6E8020C1D7126E1003084CF /* Project object */ = {
			isa = PBXProject;
			attributes = {
				LastUpgradeCheck = 0730;
				ORGANIZATIONNAME = "snail run";
				TargetAttributes = {
					B6E802131D7126E1003084CF = {
						CreatedOnToolsVersion = 7.3.1;
					};
					B6E8022C1D7126E1003084CF = {
						CreatedOnToolsVersion = 7.3.1;
						TestTargetID = B6E802131D7126E1003084CF;
					};
					B6E802371D7126E1003084CF = {
						CreatedOnToolsVersion = 7.3.1;
						TestTargetID = B6E802131D7126E1003084CF;
					};
				};
			};
			buildConfigurationList = B6E8020F1D7126E1003084CF /* Build configuration list for PBXProject "YHPullDownMenuDemo" */;
			compatibilityVersion = "Xcode 3.2";
			developmentRegion = English;
			hasScannedForEncodings = 0;
			knownRegions = (
				en,
				Base,
			);
			mainGroup = B6E8020B1D7126E1003084CF;
			productRefGroup = B6E802151D7126E1003084CF /* Products */;
			projectDirPath = "";
			projectRoot = "";
			targets = (
				B6E802131D7126E1003084CF /* YHPullDownMenuDemo */,
				B6E8022C1D7126E1003084CF /* YHPullDownMenuDemoTests */,
				B6E802371D7126E1003084CF /* YHPullDownMenuDemoUITests */,
			);
		};
/* End PBXProject section */

/* Begin PBXResourcesBuildPhase section */
		B6E802121D7126E1003084CF /* Resources */ = {
			isa = PBXResourcesBuildPhase;
			buildActionMask = 2147483647;
			files = (
				B6E802271D7126E1003084CF /* LaunchScreen.storyboard in Resources */,
				B6E802241D7126E1003084CF /* Assets.xcassets in Resources */,
				B6E802221D7126E1003084CF /* Main.storyboard in Resources */,
			);
			runOnlyForDeploymentPostprocessing = 0;
		};
		B6E8022B1D7126E1003084CF /* Resources */ = {
			isa = PBXResourcesBuildPhase;
			buildActionMask = 2147483647;
			files = (
			);
			runOnlyForDeploymentPostprocessing = 0;
		};
		B6E802361D7126E1003084CF /* Resources */ = {
			isa = PBXResourcesBuildPhase;
			buildActionMask = 2147483647;
			files = (
			);
			runOnlyForDeploymentPostprocessing = 0;
		};
/* End PBXResourcesBuildPhase section */

/* Begin PBXSourcesBuildPhase section */
		B6E802101D7126E1003084CF /* Sources */ = {
			isa = PBXSourcesBuildPhase;
			buildActionMask = 2147483647;
			files = (
				B6E8021F1D7126E1003084CF /* ViewController.m in Sources */,
				B6E8021C1D7126E1003084CF /* AppDelegate.m in Sources */,
				B6E8024D1D712754003084CF /* YHPullDownMenu.m in Sources */,
				B6E802191D7126E1003084CF /* main.m in Sources */,
			);
			runOnlyForDeploymentPostprocessing = 0;
		};
		B6E802291D7126E1003084CF /* Sources */ = {
			isa = PBXSourcesBuildPhase;
			buildActionMask = 2147483647;
			files = (
				B6E802321D7126E1003084CF /* YHPullDownMenuDemoTests.m in Sources */,
			);
			runOnlyForDeploymentPostprocessing = 0;
		};
		B6E802341D7126E1003084CF /* Sources */ = {
			isa = PBXSourcesBuildPhase;
			buildActionMask = 2147483647;
			files = (
				B6E8023D1D7126E1003084CF /* YHPullDownMenuDemoUITests.m in Sources */,
			);
			runOnlyForDeploymentPostprocessing = 0;
		};
/* End PBXSourcesBuildPhase section */

/* Begin PBXTargetDependency section */
		B6E8022F1D7126E1003084CF /* PBXTargetDependency */ = {
			isa = PBXTargetDependency;
			target = B6E802131D7126E1003084CF /* YHPullDownMenuDemo */;
			targetProxy = B6E8022E1D7126E1003084CF /* PBXContainerItemProxy */;
		};
		B6E8023A1D7126E1003084CF /* PBXTargetDependency */ = {
			isa = PBXTargetDependency;
			target = B6E802131D7126E1003084CF /* YHPullDownMenuDemo */;
			targetProxy = B6E802391D7126E1003084CF /* PBXContainerItemProxy */;
		};
/* End PBXTargetDependency section */

/* Begin PBXVariantGroup section */
		B6E802201D7126E1003084CF /* Main.storyboard */ = {
			isa = PBXVariantGroup;
			children = (
				B6E802211D7126E1003084CF /* Base */,
			);
			name = Main.storyboard;
			sourceTree = "<group>";
		};
		B6E802251D7126E1003084CF /* LaunchScreen.storyboard */ = {
			isa = PBXVariantGroup;
			children = (
				B6E802261D7126E1003084CF /* Base */,
			);
			name = LaunchScreen.storyboard;
			sourceTree = "<group>";
		};
/* End PBXVariantGroup section */

/* Begin XCBuildConfiguration section */
		B6E8023F1D7126E1003084CF /* Debug */ = {
			isa = XCBuildConfiguration;
			buildSettings = {
				ALWAYS_SEARCH_USER_PATHS = NO;
				CLANG_ANALYZER_NONNULL = YES;
				CLANG_CXX_LANGUAGE_STANDARD = "gnu++0x";
				CLANG_CXX_LIBRARY = "libc++";
				CLANG_ENABLE_MODULES = YES;
				CLANG_ENABLE_OBJC_ARC = YES;
				CLANG_WARN_BOOL_CONVERSION = YES;
				CLANG_WARN_CONSTANT_CONVERSION = YES;
				CLANG_WARN_DIRECT_OBJC_ISA_USAGE = YES_ERROR;
				CLANG_WARN_EMPTY_BODY = YES;
				CLANG_WARN_ENUM_CONVERSION = YES;
				CLANG_WARN_INT_CONVERSION = YES;
				CLANG_WARN_OBJC_ROOT_CLASS = YES_ERROR;
				CLANG_WARN_UNREACHABLE_CODE = YES;
				CLANG_WARN__DUPLICATE_METHOD_MATCH = YES;
				"CODE_SIGN_IDENTITY[sdk=iphoneos*]" = "iPhone Developer";
				COPY_PHASE_STRIP = NO;
				DEBUG_INFORMATION_FORMAT = dwarf;
				ENABLE_STRICT_OBJC_MSGSEND = YES;
				ENABLE_TESTABILITY = YES;
				GCC_C_LANGUAGE_STANDARD = gnu99;
				GCC_DYNAMIC_NO_PIC = NO;
				GCC_NO_COMMON_BLOCKS = YES;
				GCC_OPTIMIZATION_LEVEL = 0;
				GCC_PREPROCESSOR_DEFINITIONS = (
					"DEBUG=1",
					"$(inherited)",
				);
				GCC_WARN_64_TO_32_BIT_CONVERSION = YES;
				GCC_WARN_ABOUT_RETURN_TYPE = YES_ERROR;
				GCC_WARN_UNDECLARED_SELECTOR = YES;
				GCC_WARN_UNINITIALIZED_AUTOS = YES_AGGRESSIVE;
				GCC_WARN_UNUSED_FUNCTION = YES;
				GCC_WARN_UNUSED_VARIABLE = YES;
				IPHONEOS_DEPLOYMENT_TARGET = 9.3;
				MTL_ENABLE_DEBUG_INFO = YES;
				ONLY_ACTIVE_ARCH = YES;
				SDKROOT = iphoneos;
				TARGETED_DEVICE_FAMILY = "1,2";
			};
			name = Debug;
		};
		B6E802401D7126E1003084CF /* Release */ = {
			isa = XCBuildConfiguration;
			buildSettings = {
				ALWAYS_SEARCH_USER_PATHS = NO;
				CLANG_ANALYZER_NONNULL = YES;
				CLANG_CXX_LANGUAGE_STANDARD = "gnu++0x";
				CLANG_CXX_LIBRARY = "libc++";
				CLANG_ENABLE_MODULES = YES;
				CLANG_ENABLE_OBJC_ARC = YES;
				CLANG_WARN_BOOL_CONVERSION = YES;
				CLANG_WARN_CONSTANT_CONVERSION = YES;
				CLANG_WARN_DIRECT_OBJC_ISA_USAGE = YES_ERROR;
				CLANG_WARN_EMPTY_BODY = YES;
				CLANG_WARN_ENUM_CONVERSION = YES;
				CLANG_WARN_INT_CONVERSION = YES;
				CLANG_WARN_OBJC_ROOT_CLASS = YES_ERROR;
				CLANG_WARN_UNREACHABLE_CODE = YES;
				CLANG_WARN__DUPLICATE_METHOD_MATCH = YES;
				"CODE_SIGN_IDENTITY[sdk=iphoneos*]" = "iPhone Developer";
				COPY_PHASE_STRIP = NO;
				DEBUG_INFORMATION_FORMAT = "dwarf-with-dsym";
				ENABLE_NS_ASSERTIONS = NO;
				ENABLE_STRICT_OBJC_MSGSEND = YES;
				GCC_C_LANGUAGE_STANDARD = gnu99;
				GCC_NO_COMMON_BLOCKS = YES;
				GCC_WARN_64_TO_32_BIT_CONVERSION = YES;
				GCC_WARN_ABOUT_RETURN_TYPE = YES_ERROR;
				GCC_WARN_UNDECLARED_SELECTOR = YES;
				GCC_WARN_UNINITIALIZED_AUTOS = YES_AGGRESSIVE;
				GCC_WARN_UNUSED_FUNCTION = YES;
				GCC_WARN_UNUSED_VARIABLE = YES;
				IPHONEOS_DEPLOYMENT_TARGET = 9.3;
				MTL_ENABLE_DEBUG_INFO = NO;
				SDKROOT = iphoneos;
				TARGETED_DEVICE_FAMILY = "1,2";
				VALIDATE_PRODUCT = YES;
			};
			name = Release;
		};
		B6E802421D7126E1003084CF /* Debug */ = {
			isa = XCBuildConfiguration;
			buildSettings = {
				ASSETCATALOG_COMPILER_APPICON_NAME = AppIcon;
				INFOPLIST_FILE = YHPullDownMenuDemo/Info.plist;
				LD_RUNPATH_SEARCH_PATHS = "$(inherited) @executable_path/Frameworks";
				PRODUCT_BUNDLE_IDENTIFIER = maoer.YHPullDownMenuDemo;
				PRODUCT_NAME = "$(TARGET_NAME)";
			};
			name = Debug;
		};
		B6E802431D7126E1003084CF /* Release */ = {
			isa = XCBuildConfiguration;
			buildSettings = {
				ASSETCATALOG_COMPILER_APPICON_NAME = AppIcon;
				INFOPLIST_FILE = YHPullDownMenuDemo/Info.plist;
				LD_RUNPATH_SEARCH_PATHS = "$(inherited) @executable_path/Frameworks";
				PRODUCT_BUNDLE_IDENTIFIER = maoer.YHPullDownMenuDemo;
				PRODUCT_NAME = "$(TARGET_NAME)";
			};
			name = Release;
		};
		B6E802451D7126E1003084CF /* Debug */ = {
			isa = XCBuildConfiguration;
			buildSettings = {
				BUNDLE_LOADER = "$(TEST_HOST)";
				INFOPLIST_FILE = YHPullDownMenuDemoTests/Info.plist;
				LD_RUNPATH_SEARCH_PATHS = "$(inherited) @executable_path/Frameworks @loader_path/Frameworks";
				PRODUCT_BUNDLE_IDENTIFIER = maoer.YHPullDownMenuDemoTests;
				PRODUCT_NAME = "$(TARGET_NAME)";
				TEST_HOST = "$(BUILT_PRODUCTS_DIR)/YHPullDownMenuDemo.app/YHPullDownMenuDemo";
			};
			name = Debug;
		};
		B6E802461D7126E1003084CF /* Release */ = {
			isa = XCBuildConfiguration;
			buildSettings = {
				BUNDLE_LOADER = "$(TEST_HOST)";
				INFOPLIST_FILE = YHPullDownMenuDemoTests/Info.plist;
				LD_RUNPATH_SEARCH_PATHS = "$(inherited) @executable_path/Frameworks @loader_path/Frameworks";
				PRODUCT_BUNDLE_IDENTIFIER = maoer.YHPullDownMenuDemoTests;
				PRODUCT_NAME = "$(TARGET_NAME)";
				TEST_HOST = "$(BUILT_PRODUCTS_DIR)/YHPullDownMenuDemo.app/YHPullDownMenuDemo";
			};
			name = Release;
		};
		B6E802481D7126E1003084CF /* Debug */ = {
			isa = XCBuildConfiguration;
			buildSettings = {
				INFOPLIST_FILE = YHPullDownMenuDemoUITests/Info.plist;
				LD_RUNPATH_SEARCH_PATHS = "$(inherited) @executable_path/Frameworks @loader_path/Frameworks";
				PRODUCT_BUNDLE_IDENTIFIER = maoer.YHPullDownMenuDemoUITests;
				PRODUCT_NAME = "$(TARGET_NAME)";
				TEST_TARGET_NAME = YHPullDownMenuDemo;
			};
			name = Debug;
		};
		B6E802491D7126E1003084CF /* Release */ = {
			isa = XCBuildConfiguration;
			buildSettings = {
				INFOPLIST_FILE = YHPullDownMenuDemoUITests/Info.plist;
				LD_RUNPATH_SEARCH_PATHS = "$(inherited) @executable_path/Frameworks @loader_path/Frameworks";
				PRODUCT_BUNDLE_IDENTIFIER = maoer.YHPullDownMenuDemoUITests;
				PRODUCT_NAME = "$(TARGET_NAME)";
				TEST_TARGET_NAME = YHPullDownMenuDemo;
			};
			name = Release;
		};
/* End XCBuildConfiguration section */

/* Begin XCConfigurationList section */
		B6E8020F1D7126E1003084CF /* Build configuration list for PBXProject "YHPullDownMenuDemo" */ = {
			isa = XCConfigurationList;
			buildConfigurations = (
				B6E8023F1D7126E1003084CF /* Debug */,
				B6E802401D7126E1003084CF /* Release */,
			);
			defaultConfigurationIsVisible = 0;
			defaultConfigurationName = Release;
		};
		B6E802411D7126E1003084CF /* Build configuration list for PBXNativeTarget "YHPullDownMenuDemo" */ = {
			isa = XCConfigurationList;
			buildConfigurations = (
				B6E802421D7126E1003084CF /* Debug */,
				B6E802431D7126E1003084CF /* Release */,
			);
			defaultConfigurationIsVisible = 0;
		};
		B6E802441D7126E1003084CF /* Build configuration list for PBXNativeTarget "YHPullDownMenuDemoTests" */ = {
			isa = XCConfigurationList;
			buildConfigurations = (
				B6E802451D7126E1003084CF /* Debug */,
				B6E802461D7126E1003084CF /* Release */,
			);
			defaultConfigurationIsVisible = 0;
		};
		B6E802471D7126E1003084CF /* Build configuration list for PBXNativeTarget "YHPullDownMenuDemoUITests" */ = {
			isa = XCConfigurationList;
			buildConfigurations = (
				B6E802481D7126E1003084CF /* Debug */,
				B6E802491D7126E1003084CF /* Release */,
			);
			defaultConfigurationIsVisible = 0;
		};
/* End XCConfigurationList section */
	};
	rootObject = B6E8020C1D7126E1003084CF /* Project object */;
}
